
Microsoft Visual Studio Solution File, Format Version 12.00
# Visual Studio Version 17
VisualStudioVersion = 17.9.34728.123
MinimumVisualStudioVersion = 10.0.40219.1
Project("{FAE04EC0-301F-11D3-BF4B-00C04F79EFBC}") = "Git", "Git\Git.csproj", "{229A3C80-A05C-47D8-81FE-E4C49A2ADD68}"
EndProject
Global
	GlobalSection(SolutionConfigurationPlatforms) = preSolution
		Debug|Any CPU = Debug|Any CPU
		Release|Any CPU = Release|Any CPU
	EndGlobalSection
	GlobalSection(ProjectConfigurationPlatforms) = postSolution
		{229A3C80-A05C-47D8-81FE-E4C49A2ADD68}.Debug|Any CPU.ActiveCfg = Debug|Any CPU
		{229A3C80-A05C-47D8-81FE-E4C49A2ADD68}.Debug|Any CPU.Build.0 = Debug|Any CPU
		{229A3C80-A05C-47D8-81FE-E4C49A2ADD68}.Release|Any CPU.ActiveCfg = Release|Any CPU
		{229A3C80-A05C-47D8-81FE-E4C49A2ADD68}.Release|Any CPU.Build.0 = Release|Any CPU
	EndGlobalSection
	GlobalSection(SolutionProperties) = preSolution
		HideSolutionNode = FALSE
	EndGlobalSection
	GlobalSection(ExtensibilityGlobals) = postSolution
		SolutionGuid = {BA04576A-6894-47B4-9A27-4C8AAE4F7DC4}
	EndGlobalSection
EndGlobal
